{
  "requires": true,
  "lockfileVersion": 1,
  "dependencies": {
    "vue-cookies": {
      "version": "1.5.13",
      "resolved": "https://registry.npmjs.org/vue-cookies/-/vue-cookies-1.5.13.tgz",
      "integrity": "sha512-8pjpXnvbNWx1Lft0t3MJnW+ylv0Wa2Tb6Ch617u/pQah3+SfXUZZdkh3EL3bSpe/Sw2Wdw3+DhycgQsKANSxXg=="
    }
  }
}
